
Microsoft Visual Studio Solution File, Format Version 12.00
# Visual Studio Version 17
VisualStudioVersion = 17.1.32414.318
MinimumVisualStudioVersion = 10.0.40219.1
Project("{9A19103F-16F7-4668-BE54-9A1E7A4F7556}") = "Part 4 lesson 1", "Part 4 lesson 1\Part 4 lesson 1.csproj", "{07543F8C-AE0F-4D7F-88E1-963DE620DB80}"
EndProject
Project("{9A19103F-16F7-4668-BE54-9A1E7A4F7556}") = "ConsoleApp1", "ConsoleApp1\ConsoleApp1.csproj", "{5FB655CF-9EBB-49D4-9EE7-C7C8497122A4}"
EndProject
Project("{2150E333-8FDC-42A3-9474-1A3956D46DE8}") = "Test", "Test", "{C25339E9-36F9-4565-9ED6-0F5C83A7D33E}"
EndProject
Project("{9A19103F-16F7-4668-BE54-9A1E7A4F7556}") = "AgainWebApp", "AgainWebApp\AgainWebApp.csproj", "{97365DDB-3FCC-4B1E-B464-A701247D09AA}"
EndProject
Project("{9A19103F-16F7-4668-BE54-9A1E7A4F7556}") = "WpfApp3", "WpfApp3\WpfApp3.csproj", "{AEFE9EE7-FE6E-46A5-84D8-5F2BAEDB72F4}"
EndProject
Project("{2150E333-8FDC-42A3-9474-1A3956D46DE8}") = "Data", "Data", "{9FC6B322-50EC-470F-9E0D-0D19D0FD8D9E}"
EndProject
Project("{9A19103F-16F7-4668-BE54-9A1E7A4F7556}") = "Orders.DAL", "Orders.DAL\Orders.DAL.csproj", "{8D65858E-B5A2-4C41-A6C4-595C116B77C0}"
EndProject
Project("{9A19103F-16F7-4668-BE54-9A1E7A4F7556}") = "Orders.ConsoleUI", "Orders.ConsoleUI\Orders.ConsoleUI.csproj", "{C60EC4E5-345C-4EC7-95C6-62573AF12295}"
EndProject
Project("{2150E333-8FDC-42A3-9474-1A3956D46DE8}") = "WorkHome", "WorkHome", "{3C12F9EB-8426-4E2F-8CB7-B5E1F0FF37A5}"
EndProject
Project("{2150E333-8FDC-42A3-9474-1A3956D46DE8}") = "Lesson 4", "Lesson 4", "{60BD87D3-B51D-4A43-8541-DCC8E47213D2}"
	ProjectSection(SolutionItems) = preProject
		ConsoleApp1\HomeWork\Lesson 4\AddShopStructure.cs = ConsoleApp1\HomeWork\Lesson 4\AddShopStructure.cs
		ConsoleApp1\HomeWork\Lesson 4\ShopSerialaized.cs = ConsoleApp1\HomeWork\Lesson 4\ShopSerialaized.cs
		ConsoleApp1\HomeWork\Lesson 4\ShopStructure.cs = ConsoleApp1\HomeWork\Lesson 4\ShopStructure.cs
	EndProjectSection
EndProject
Project("{2150E333-8FDC-42A3-9474-1A3956D46DE8}") = "Lesson 5", "Lesson 5", "{8001B29C-78FD-4A8E-8D3A-D54022EC1D15}"
	ProjectSection(SolutionItems) = preProject
		ConsoleApp1\HomeWork\Lesson 5\Scan.cs = ConsoleApp1\HomeWork\Lesson 5\Scan.cs
		ConsoleApp1\HomeWork\Lesson 5\ScanVisitor.cs = ConsoleApp1\HomeWork\Lesson 5\ScanVisitor.cs
	EndProjectSection
EndProject
Project("{2150E333-8FDC-42A3-9474-1A3956D46DE8}") = "LogSeatings", "LogSeatings", "{39A584C6-15BB-47CE-836B-D86D3E6A4498}"
EndProject
Project("{2150E333-8FDC-42A3-9474-1A3956D46DE8}") = "Lesson 6", "Lesson 6", "{484E07BE-F09E-435F-9C97-E41A887BF5C5}"
	ProjectSection(SolutionItems) = preProject
		AgainWebApp\Lesson 6\IVisitAsync.cs = AgainWebApp\Lesson 6\IVisitAsync.cs
		AgainWebApp\Lesson 6\ModuleVisitor.cs = AgainWebApp\Lesson 6\ModuleVisitor.cs
		AgainWebApp\Lesson 6\ScanVisitorAsync.cs = AgainWebApp\Lesson 6\ScanVisitorAsync.cs
	EndProjectSection
EndProject
Project("{2150E333-8FDC-42A3-9474-1A3956D46DE8}") = "LogSeating", "LogSeating", "{5CAF9415-2113-4D29-B43A-E2D16035AC8C}"
EndProject
Project("{2150E333-8FDC-42A3-9474-1A3956D46DE8}") = "Factory", "Factory", "{8B224EB2-AB0F-4BA5-AA7E-726D0A6F2667}"
	ProjectSection(SolutionItems) = preProject
		AgainWebApp\Lesson 6\LogsSeting\Factory\DebugFactory.cs = AgainWebApp\Lesson 6\LogsSeting\Factory\DebugFactory.cs
		AgainWebApp\Lesson 6\LogsSeting\Factory\LogerFactory.cs = AgainWebApp\Lesson 6\LogsSeting\Factory\LogerFactory.cs
	EndProjectSection
EndProject
Project("{2150E333-8FDC-42A3-9474-1A3956D46DE8}") = "IntrefaceLoger", "IntrefaceLoger", "{538E2210-1B4E-46B4-AE57-41347B6E7AAA}"
	ProjectSection(SolutionItems) = preProject
		AgainWebApp\Lesson 6\LogsSeting\InterfaceLoger\ILoger.cs = AgainWebApp\Lesson 6\LogsSeting\InterfaceLoger\ILoger.cs
		AgainWebApp\Lesson 6\LogsSeting\InterfaceLoger\ILogsFactory.cs = AgainWebApp\Lesson 6\LogsSeting\InterfaceLoger\ILogsFactory.cs
	EndProjectSection
EndProject
Project("{2150E333-8FDC-42A3-9474-1A3956D46DE8}") = "Loggers", "Loggers", "{0BB58218-B491-4532-AB66-BF32EF2C85F0}"
	ProjectSection(SolutionItems) = preProject
		AgainWebApp\Lesson 6\LogsSeting\Loggers\ConsoleLogs.cs = AgainWebApp\Lesson 6\LogsSeting\Loggers\ConsoleLogs.cs
		AgainWebApp\Lesson 6\LogsSeting\Loggers\FilesLoggers.cs = AgainWebApp\Lesson 6\LogsSeting\Loggers\FilesLoggers.cs
		AgainWebApp\Lesson 6\LogsSeting\Loggers\ForLogs.cs = AgainWebApp\Lesson 6\LogsSeting\Loggers\ForLogs.cs
		AgainWebApp\Lesson 6\LogsSeting\Loggers\ToCombineOurLogs.cs = AgainWebApp\Lesson 6\LogsSeting\Loggers\ToCombineOurLogs.cs
	EndProjectSection
EndProject
Project("{9A19103F-16F7-4668-BE54-9A1E7A4F7556}") = "ReportsExamples", "ReportsExamples\ReportsExamples.csproj", "{1CAE8865-418D-4670-A45D-D7777395ED1D}"
EndProject
Project("{2150E333-8FDC-42A3-9474-1A3956D46DE8}") = "Lesson 7", "Lesson 7", "{DA034565-C04C-4066-A7CE-6B13E3D9994B}"
	ProjectSection(SolutionItems) = preProject
		ReportsExamples\Lesson 7\RazzorReportFile.cs = ReportsExamples\Lesson 7\RazzorReportFile.cs
	EndProjectSection
EndProject
Project("{2150E333-8FDC-42A3-9474-1A3956D46DE8}") = "Interfaces", "Interfaces", "{9DF8D4FD-CFEB-4CF4-8559-5C9CC24A64F6}"
	ProjectSection(SolutionItems) = preProject
		ReportsExamples\Lesson 7\Interfaces\IHddReports.cs = ReportsExamples\Lesson 7\Interfaces\IHddReports.cs
	EndProjectSection
EndProject
Project("{FAE04EC0-301F-11D3-BF4B-00C04F79EFBC}") = "TestMVC", "TestMVC\TestMVC.csproj", "{63D81B86-0889-4408-8D77-F4FA8388E989}"
EndProject
Global
	GlobalSection(SolutionConfigurationPlatforms) = preSolution
		Debug|Any CPU = Debug|Any CPU
		Release|Any CPU = Release|Any CPU
	EndGlobalSection
	GlobalSection(ProjectConfigurationPlatforms) = postSolution
		{07543F8C-AE0F-4D7F-88E1-963DE620DB80}.Debug|Any CPU.ActiveCfg = Debug|Any CPU
		{07543F8C-AE0F-4D7F-88E1-963DE620DB80}.Debug|Any CPU.Build.0 = Debug|Any CPU
		{07543F8C-AE0F-4D7F-88E1-963DE620DB80}.Release|Any CPU.ActiveCfg = Release|Any CPU
		{07543F8C-AE0F-4D7F-88E1-963DE620DB80}.Release|Any CPU.Build.0 = Release|Any CPU
		{5FB655CF-9EBB-49D4-9EE7-C7C8497122A4}.Debug|Any CPU.ActiveCfg = Debug|Any CPU
		{5FB655CF-9EBB-49D4-9EE7-C7C8497122A4}.Debug|Any CPU.Build.0 = Debug|Any CPU
		{5FB655CF-9EBB-49D4-9EE7-C7C8497122A4}.Release|Any CPU.ActiveCfg = Release|Any CPU
		{5FB655CF-9EBB-49D4-9EE7-C7C8497122A4}.Release|Any CPU.Build.0 = Release|Any CPU
		{97365DDB-3FCC-4B1E-B464-A701247D09AA}.Debug|Any CPU.ActiveCfg = Debug|Any CPU
		{97365DDB-3FCC-4B1E-B464-A701247D09AA}.Debug|Any CPU.Build.0 = Debug|Any CPU
		{97365DDB-3FCC-4B1E-B464-A701247D09AA}.Release|Any CPU.ActiveCfg = Release|Any CPU
		{97365DDB-3FCC-4B1E-B464-A701247D09AA}.Release|Any CPU.Build.0 = Release|Any CPU
		{AEFE9EE7-FE6E-46A5-84D8-5F2BAEDB72F4}.Debug|Any CPU.ActiveCfg = Debug|Any CPU
		{AEFE9EE7-FE6E-46A5-84D8-5F2BAEDB72F4}.Debug|Any CPU.Build.0 = Debug|Any CPU
		{AEFE9EE7-FE6E-46A5-84D8-5F2BAEDB72F4}.Release|Any CPU.ActiveCfg = Release|Any CPU
		{AEFE9EE7-FE6E-46A5-84D8-5F2BAEDB72F4}.Release|Any CPU.Build.0 = Release|Any CPU
		{8D65858E-B5A2-4C41-A6C4-595C116B77C0}.Debug|Any CPU.ActiveCfg = Debug|Any CPU
		{8D65858E-B5A2-4C41-A6C4-595C116B77C0}.Debug|Any CPU.Build.0 = Debug|Any CPU
		{8D65858E-B5A2-4C41-A6C4-595C116B77C0}.Release|Any CPU.ActiveCfg = Release|Any CPU
		{8D65858E-B5A2-4C41-A6C4-595C116B77C0}.Release|Any CPU.Build.0 = Release|Any CPU
		{C60EC4E5-345C-4EC7-95C6-62573AF12295}.Debug|Any CPU.ActiveCfg = Debug|Any CPU
		{C60EC4E5-345C-4EC7-95C6-62573AF12295}.Debug|Any CPU.Build.0 = Debug|Any CPU
		{C60EC4E5-345C-4EC7-95C6-62573AF12295}.Release|Any CPU.ActiveCfg = Release|Any CPU
		{C60EC4E5-345C-4EC7-95C6-62573AF12295}.Release|Any CPU.Build.0 = Release|Any CPU
		{1CAE8865-418D-4670-A45D-D7777395ED1D}.Debug|Any CPU.ActiveCfg = Debug|Any CPU
		{1CAE8865-418D-4670-A45D-D7777395ED1D}.Debug|Any CPU.Build.0 = Debug|Any CPU
		{1CAE8865-418D-4670-A45D-D7777395ED1D}.Release|Any CPU.ActiveCfg = Release|Any CPU
		{1CAE8865-418D-4670-A45D-D7777395ED1D}.Release|Any CPU.Build.0 = Release|Any CPU
		{63D81B86-0889-4408-8D77-F4FA8388E989}.Debug|Any CPU.ActiveCfg = Debug|Any CPU
		{63D81B86-0889-4408-8D77-F4FA8388E989}.Debug|Any CPU.Build.0 = Debug|Any CPU
		{63D81B86-0889-4408-8D77-F4FA8388E989}.Release|Any CPU.ActiveCfg = Release|Any CPU
		{63D81B86-0889-4408-8D77-F4FA8388E989}.Release|Any CPU.Build.0 = Release|Any CPU
	EndGlobalSection
	GlobalSection(SolutionProperties) = preSolution
		HideSolutionNode = FALSE
	EndGlobalSection
	GlobalSection(NestedProjects) = preSolution
		{5FB655CF-9EBB-49D4-9EE7-C7C8497122A4} = {C25339E9-36F9-4565-9ED6-0F5C83A7D33E}
		{8D65858E-B5A2-4C41-A6C4-595C116B77C0} = {9FC6B322-50EC-470F-9E0D-0D19D0FD8D9E}
		{C60EC4E5-345C-4EC7-95C6-62573AF12295} = {C25339E9-36F9-4565-9ED6-0F5C83A7D33E}
		{60BD87D3-B51D-4A43-8541-DCC8E47213D2} = {3C12F9EB-8426-4E2F-8CB7-B5E1F0FF37A5}
		{8001B29C-78FD-4A8E-8D3A-D54022EC1D15} = {3C12F9EB-8426-4E2F-8CB7-B5E1F0FF37A5}
		{39A584C6-15BB-47CE-836B-D86D3E6A4498} = {8001B29C-78FD-4A8E-8D3A-D54022EC1D15}
		{484E07BE-F09E-435F-9C97-E41A887BF5C5} = {3C12F9EB-8426-4E2F-8CB7-B5E1F0FF37A5}
		{5CAF9415-2113-4D29-B43A-E2D16035AC8C} = {484E07BE-F09E-435F-9C97-E41A887BF5C5}
		{8B224EB2-AB0F-4BA5-AA7E-726D0A6F2667} = {5CAF9415-2113-4D29-B43A-E2D16035AC8C}
		{538E2210-1B4E-46B4-AE57-41347B6E7AAA} = {5CAF9415-2113-4D29-B43A-E2D16035AC8C}
		{0BB58218-B491-4532-AB66-BF32EF2C85F0} = {5CAF9415-2113-4D29-B43A-E2D16035AC8C}
		{1CAE8865-418D-4670-A45D-D7777395ED1D} = {C25339E9-36F9-4565-9ED6-0F5C83A7D33E}
		{DA034565-C04C-4066-A7CE-6B13E3D9994B} = {3C12F9EB-8426-4E2F-8CB7-B5E1F0FF37A5}
		{9DF8D4FD-CFEB-4CF4-8559-5C9CC24A64F6} = {DA034565-C04C-4066-A7CE-6B13E3D9994B}
		{63D81B86-0889-4408-8D77-F4FA8388E989} = {C25339E9-36F9-4565-9ED6-0F5C83A7D33E}
	EndGlobalSection
	GlobalSection(ExtensibilityGlobals) = postSolution
		SolutionGuid = {E693A52D-C083-440E-9B62-01547E5530D8}
	EndGlobalSection
EndGlobal
